
Microsoft Visual Studio Solution File, Format Version 12.00
# Visual Studio Version 17
VisualStudioVersion = 17.4.33122.133
MinimumVisualStudioVersion = 10.0.40219.1
Project("{2150E333-8FDC-42A3-9474-1A3956D46DE8}") = "Services", "Services", "{E4B4DCED-3AB3-4EC2-BCF8-5D417B2D44B4}"
EndProject
Project("{2150E333-8FDC-42A3-9474-1A3956D46DE8}") = "Catalog", "Catalog", "{E70ADCC2-7985-4162-B355-BB19E6840B7C}"
EndProject
Project("{9A19103F-16F7-4668-BE54-9A1E7A4F7556}") = "ECommerce.Services.Catalog", "Services\Catalog\ECommerce.Services.Catalog\ECommerce.Services.Catalog.csproj", "{CF5A3E44-26FF-42B2-B842-934A49CB4397}"
EndProject
Project("{2150E333-8FDC-42A3-9474-1A3956D46DE8}") = "Solution Items", "Solution Items", "{721A101D-18D7-4702-AD06-CB36AED19BE0}"
	ProjectSection(SolutionItems) = preProject
		Port.txt = Port.txt
		ToDoList.txt = ToDoList.txt
	EndProjectSection
EndProject
Project("{2150E333-8FDC-42A3-9474-1A3956D46DE8}") = "Shared", "Shared", "{0D2C0479-693E-4CBB-A061-82E9B9F80A5D}"
EndProject
Project("{9A19103F-16F7-4668-BE54-9A1E7A4F7556}") = "Ecommerce.Shared", "Shared\ProjectEcommerce.Shared\Ecommerce.Shared.csproj", "{D4961A83-33FF-4430-9745-72C5E7618735}"
EndProject
Project("{2150E333-8FDC-42A3-9474-1A3956D46DE8}") = "IdentityServer", "IdentityServer", "{3C231DFE-23B1-4672-A994-B3DB40961654}"
EndProject
Project("{9A19103F-16F7-4668-BE54-9A1E7A4F7556}") = "ECommerce.IdentityServer", "IdentityServer\ECommerce.IdentityServer\ECommerce.IdentityServer.csproj", "{F3D2E051-D9C4-4064-9CD4-1B2E92AA4350}"
EndProject
Project("{2150E333-8FDC-42A3-9474-1A3956D46DE8}") = "Basket", "Basket", "{03BBA6E6-8E77-4FB7-8927-61918E1F44B5}"
EndProject
Project("{FAE04EC0-301F-11D3-BF4B-00C04F79EFBC}") = "ProjectMicroservices.Services.Basket", "Services\Basket\ProjectMicroservices.Services.Basket\ProjectMicroservices.Services.Basket.csproj", "{AA1046EE-5476-48D5-A844-9E5EE2260462}"
EndProject
Project("{2150E333-8FDC-42A3-9474-1A3956D46DE8}") = "Discount", "Discount", "{E6C644EF-604F-4B36-B246-8C18A8AD7C59}"
EndProject
Project("{FAE04EC0-301F-11D3-BF4B-00C04F79EFBC}") = "ProjectMicroservices.Services.Discount", "Services\Discount\ProjectMicroservices.Services.Discount\ProjectMicroservices.Services.Discount.csproj", "{D8FD00F2-D79A-45F5-922E-6DC0D9968006}"
EndProject
Project("{2150E333-8FDC-42A3-9474-1A3956D46DE8}") = "FakePayment", "FakePayment", "{9BE6BB8C-C5BE-4E7E-9D00-7119ECA77126}"
EndProject
Project("{FAE04EC0-301F-11D3-BF4B-00C04F79EFBC}") = "ProjectMicroservices.Services.FakePayment", "Services\FakePayment\ProjectMicroservices.Services.FakePayment\ProjectMicroservices.Services.FakePayment.csproj", "{5BCE7BA8-5CC1-4500-BC44-BA2C953BB3F7}"
EndProject
Project("{2150E333-8FDC-42A3-9474-1A3956D46DE8}") = "Order", "Order", "{AAEDB016-D3B5-4FA5-9F5E-0CF460F2E33C}"
EndProject
Project("{FAE04EC0-301F-11D3-BF4B-00C04F79EFBC}") = "ProjectMicroservices.Services.Order.Api", "Services\Order\ProjectMicroservices.Services.Order.Api\ProjectMicroservices.Services.Order.Api.csproj", "{3FBF05A9-D548-44F5-8349-1BF1C7A9B8FC}"
EndProject
Project("{FAE04EC0-301F-11D3-BF4B-00C04F79EFBC}") = "ProjectMicroservices.Order.Application", "Services\Order\ProjectMicroservices.Order.Application\ProjectMicroservices.Order.Application.csproj", "{E32917CE-5EB0-4813-97FC-EE75C5FBC0E2}"
EndProject
Project("{FAE04EC0-301F-11D3-BF4B-00C04F79EFBC}") = "ProjectMicroservices.Order.Domain", "Services\Order\ProjectMicroservices.Order.Domain\ProjectMicroservices.Order.Domain.csproj", "{94BB1594-D0D8-4FF0-8B1C-4A57169F899B}"
EndProject
Project("{FAE04EC0-301F-11D3-BF4B-00C04F79EFBC}") = "ProjectMicroservices.Order.Domain.Core", "Services\Order\ProjectMicroservices.Order.Domain.Core\ProjectMicroservices.Order.Domain.Core.csproj", "{DB9F8DBF-E097-48E8-BD6F-1C9FC3F803B9}"
EndProject
Project("{FAE04EC0-301F-11D3-BF4B-00C04F79EFBC}") = "ProjectMicroservices.Order.Infrastructure", "Services\Order\ProjectMicroservices.Order.Infrastructure\ProjectMicroservices.Order.Infrastructure.csproj", "{3792748E-ADB2-481F-9491-A5C3E423F47F}"
EndProject
Project("{2150E333-8FDC-42A3-9474-1A3956D46DE8}") = "PhotoStock", "PhotoStock", "{5AB4D5CA-D67F-4BCB-8095-08967D9D316D}"
EndProject
Project("{FAE04EC0-301F-11D3-BF4B-00C04F79EFBC}") = "ProjectMicroservices.Services.PhotoStock", "Services\PhotoStock\ProjectMicroservices.Services.PhotoStock\ProjectMicroservices.Services.PhotoStock.csproj", "{093DA995-668D-400C-B29B-AD21ABF09FAF}"
EndProject
Global
	GlobalSection(SolutionConfigurationPlatforms) = preSolution
		Debug|Any CPU = Debug|Any CPU
		Release|Any CPU = Release|Any CPU
	EndGlobalSection
	GlobalSection(ProjectConfigurationPlatforms) = postSolution
		{CF5A3E44-26FF-42B2-B842-934A49CB4397}.Debug|Any CPU.ActiveCfg = Debug|Any CPU
		{CF5A3E44-26FF-42B2-B842-934A49CB4397}.Debug|Any CPU.Build.0 = Debug|Any CPU
		{CF5A3E44-26FF-42B2-B842-934A49CB4397}.Release|Any CPU.ActiveCfg = Release|Any CPU
		{CF5A3E44-26FF-42B2-B842-934A49CB4397}.Release|Any CPU.Build.0 = Release|Any CPU
		{D4961A83-33FF-4430-9745-72C5E7618735}.Debug|Any CPU.ActiveCfg = Debug|Any CPU
		{D4961A83-33FF-4430-9745-72C5E7618735}.Debug|Any CPU.Build.0 = Debug|Any CPU
		{D4961A83-33FF-4430-9745-72C5E7618735}.Release|Any CPU.ActiveCfg = Release|Any CPU
		{D4961A83-33FF-4430-9745-72C5E7618735}.Release|Any CPU.Build.0 = Release|Any CPU
		{F3D2E051-D9C4-4064-9CD4-1B2E92AA4350}.Debug|Any CPU.ActiveCfg = Debug|Any CPU
		{F3D2E051-D9C4-4064-9CD4-1B2E92AA4350}.Debug|Any CPU.Build.0 = Debug|Any CPU
		{F3D2E051-D9C4-4064-9CD4-1B2E92AA4350}.Release|Any CPU.ActiveCfg = Release|Any CPU
		{F3D2E051-D9C4-4064-9CD4-1B2E92AA4350}.Release|Any CPU.Build.0 = Release|Any CPU
		{AA1046EE-5476-48D5-A844-9E5EE2260462}.Debug|Any CPU.ActiveCfg = Debug|Any CPU
		{AA1046EE-5476-48D5-A844-9E5EE2260462}.Debug|Any CPU.Build.0 = Debug|Any CPU
		{AA1046EE-5476-48D5-A844-9E5EE2260462}.Release|Any CPU.ActiveCfg = Release|Any CPU
		{AA1046EE-5476-48D5-A844-9E5EE2260462}.Release|Any CPU.Build.0 = Release|Any CPU
		{D8FD00F2-D79A-45F5-922E-6DC0D9968006}.Debug|Any CPU.ActiveCfg = Debug|Any CPU
		{D8FD00F2-D79A-45F5-922E-6DC0D9968006}.Debug|Any CPU.Build.0 = Debug|Any CPU
		{D8FD00F2-D79A-45F5-922E-6DC0D9968006}.Release|Any CPU.ActiveCfg = Release|Any CPU
		{D8FD00F2-D79A-45F5-922E-6DC0D9968006}.Release|Any CPU.Build.0 = Release|Any CPU
		{5BCE7BA8-5CC1-4500-BC44-BA2C953BB3F7}.Debug|Any CPU.ActiveCfg = Debug|Any CPU
		{5BCE7BA8-5CC1-4500-BC44-BA2C953BB3F7}.Debug|Any CPU.Build.0 = Debug|Any CPU
		{5BCE7BA8-5CC1-4500-BC44-BA2C953BB3F7}.Release|Any CPU.ActiveCfg = Release|Any CPU
		{5BCE7BA8-5CC1-4500-BC44-BA2C953BB3F7}.Release|Any CPU.Build.0 = Release|Any CPU
		{3FBF05A9-D548-44F5-8349-1BF1C7A9B8FC}.Debug|Any CPU.ActiveCfg = Debug|Any CPU
		{3FBF05A9-D548-44F5-8349-1BF1C7A9B8FC}.Debug|Any CPU.Build.0 = Debug|Any CPU
		{3FBF05A9-D548-44F5-8349-1BF1C7A9B8FC}.Release|Any CPU.ActiveCfg = Release|Any CPU
		{3FBF05A9-D548-44F5-8349-1BF1C7A9B8FC}.Release|Any CPU.Build.0 = Release|Any CPU
		{E32917CE-5EB0-4813-97FC-EE75C5FBC0E2}.Debug|Any CPU.ActiveCfg = Debug|Any CPU
		{E32917CE-5EB0-4813-97FC-EE75C5FBC0E2}.Debug|Any CPU.Build.0 = Debug|Any CPU
		{E32917CE-5EB0-4813-97FC-EE75C5FBC0E2}.Release|Any CPU.ActiveCfg = Release|Any CPU
		{E32917CE-5EB0-4813-97FC-EE75C5FBC0E2}.Release|Any CPU.Build.0 = Release|Any CPU
		{94BB1594-D0D8-4FF0-8B1C-4A57169F899B}.Debug|Any CPU.ActiveCfg = Debug|Any CPU
		{94BB1594-D0D8-4FF0-8B1C-4A57169F899B}.Debug|Any CPU.Build.0 = Debug|Any CPU
		{94BB1594-D0D8-4FF0-8B1C-4A57169F899B}.Release|Any CPU.ActiveCfg = Release|Any CPU
		{94BB1594-D0D8-4FF0-8B1C-4A57169F899B}.Release|Any CPU.Build.0 = Release|Any CPU
		{DB9F8DBF-E097-48E8-BD6F-1C9FC3F803B9}.Debug|Any CPU.ActiveCfg = Debug|Any CPU
		{DB9F8DBF-E097-48E8-BD6F-1C9FC3F803B9}.Debug|Any CPU.Build.0 = Debug|Any CPU
		{DB9F8DBF-E097-48E8-BD6F-1C9FC3F803B9}.Release|Any CPU.ActiveCfg = Release|Any CPU
		{DB9F8DBF-E097-48E8-BD6F-1C9FC3F803B9}.Release|Any CPU.Build.0 = Release|Any CPU
		{3792748E-ADB2-481F-9491-A5C3E423F47F}.Debug|Any CPU.ActiveCfg = Debug|Any CPU
		{3792748E-ADB2-481F-9491-A5C3E423F47F}.Debug|Any CPU.Build.0 = Debug|Any CPU
		{3792748E-ADB2-481F-9491-A5C3E423F47F}.Release|Any CPU.ActiveCfg = Release|Any CPU
		{3792748E-ADB2-481F-9491-A5C3E423F47F}.Release|Any CPU.Build.0 = Release|Any CPU
		{093DA995-668D-400C-B29B-AD21ABF09FAF}.Debug|Any CPU.ActiveCfg = Debug|Any CPU
		{093DA995-668D-400C-B29B-AD21ABF09FAF}.Debug|Any CPU.Build.0 = Debug|Any CPU
		{093DA995-668D-400C-B29B-AD21ABF09FAF}.Release|Any CPU.ActiveCfg = Release|Any CPU
		{093DA995-668D-400C-B29B-AD21ABF09FAF}.Release|Any CPU.Build.0 = Release|Any CPU
	EndGlobalSection
	GlobalSection(SolutionProperties) = preSolution
		HideSolutionNode = FALSE
	EndGlobalSection
	GlobalSection(NestedProjects) = preSolution
		{E70ADCC2-7985-4162-B355-BB19E6840B7C} = {E4B4DCED-3AB3-4EC2-BCF8-5D417B2D44B4}
		{CF5A3E44-26FF-42B2-B842-934A49CB4397} = {E70ADCC2-7985-4162-B355-BB19E6840B7C}
		{D4961A83-33FF-4430-9745-72C5E7618735} = {0D2C0479-693E-4CBB-A061-82E9B9F80A5D}
		{F3D2E051-D9C4-4064-9CD4-1B2E92AA4350} = {3C231DFE-23B1-4672-A994-B3DB40961654}
		{03BBA6E6-8E77-4FB7-8927-61918E1F44B5} = {E4B4DCED-3AB3-4EC2-BCF8-5D417B2D44B4}
		{AA1046EE-5476-48D5-A844-9E5EE2260462} = {03BBA6E6-8E77-4FB7-8927-61918E1F44B5}
		{E6C644EF-604F-4B36-B246-8C18A8AD7C59} = {E4B4DCED-3AB3-4EC2-BCF8-5D417B2D44B4}
		{D8FD00F2-D79A-45F5-922E-6DC0D9968006} = {E6C644EF-604F-4B36-B246-8C18A8AD7C59}
		{9BE6BB8C-C5BE-4E7E-9D00-7119ECA77126} = {E4B4DCED-3AB3-4EC2-BCF8-5D417B2D44B4}
		{5BCE7BA8-5CC1-4500-BC44-BA2C953BB3F7} = {9BE6BB8C-C5BE-4E7E-9D00-7119ECA77126}
		{AAEDB016-D3B5-4FA5-9F5E-0CF460F2E33C} = {E4B4DCED-3AB3-4EC2-BCF8-5D417B2D44B4}
		{3FBF05A9-D548-44F5-8349-1BF1C7A9B8FC} = {AAEDB016-D3B5-4FA5-9F5E-0CF460F2E33C}
		{E32917CE-5EB0-4813-97FC-EE75C5FBC0E2} = {AAEDB016-D3B5-4FA5-9F5E-0CF460F2E33C}
		{94BB1594-D0D8-4FF0-8B1C-4A57169F899B} = {AAEDB016-D3B5-4FA5-9F5E-0CF460F2E33C}
		{DB9F8DBF-E097-48E8-BD6F-1C9FC3F803B9} = {AAEDB016-D3B5-4FA5-9F5E-0CF460F2E33C}
		{3792748E-ADB2-481F-9491-A5C3E423F47F} = {AAEDB016-D3B5-4FA5-9F5E-0CF460F2E33C}
		{5AB4D5CA-D67F-4BCB-8095-08967D9D316D} = {E4B4DCED-3AB3-4EC2-BCF8-5D417B2D44B4}
		{093DA995-668D-400C-B29B-AD21ABF09FAF} = {5AB4D5CA-D67F-4BCB-8095-08967D9D316D}
	EndGlobalSection
	GlobalSection(ExtensibilityGlobals) = postSolution
		SolutionGuid = {FF9F1C38-F233-496B-B216-C520BBDA5A75}
	EndGlobalSection
EndGlobal
